// !$*UTF8*$!
{
	archiveVersion = 1;
	classes = {
	};
	objectVersion = 50;
	objects = {

/* Begin PBXBuildFile section */
		4A23D02125887D0B00321F28 /* day15.swift in Sources */ = {isa = PBXBuildFile; fileRef = 4A23D02025887D0B00321F28 /* day15.swift */; };
		4A23D02225887D0B00321F28 /* day15.swift in Sources */ = {isa = PBXBuildFile; fileRef = 4A23D02025887D0B00321F28 /* day15.swift */; };
		4A23D02625887DF700321F28 /* day15_tests.swift in Sources */ = {isa = PBXBuildFile; fileRef = 4A23D02525887DF700321F28 /* day15_tests.swift */; };
		4A3D0E6C2589CE640026316F /* day16.swift in Sources */ = {isa = PBXBuildFile; fileRef = 4A3D0E6B2589CE640026316F /* day16.swift */; };
		4A3D0E6D2589CE640026316F /* day16.swift in Sources */ = {isa = PBXBuildFile; fileRef = 4A3D0E6B2589CE640026316F /* day16.swift */; };
		4A3D0E712589CEE00026316F /* day16_tests.swift in Sources */ = {isa = PBXBuildFile; fileRef = 4A3D0E702589CEE00026316F /* day16_tests.swift */; };
		4A4262DA2576788900785CB7 /* main.swift in Sources */ = {isa = PBXBuildFile; fileRef = 4A4262D92576788900785CB7 /* main.swift */; };
		4A4262F025767A4700785CB7 /* day01.swift in Sources */ = {isa = PBXBuildFile; fileRef = 4A4262EF25767A4700785CB7 /* day01.swift */; };
		4A4262F925767ABE00785CB7 /* day01_tests.swift in Sources */ = {isa = PBXBuildFile; fileRef = 4A4262F825767ABE00785CB7 /* day01_tests.swift */; };
		4A42630025767D2000785CB7 /* day01.swift in Sources */ = {isa = PBXBuildFile; fileRef = 4A4262EF25767A4700785CB7 /* day01.swift */; };
		4A456F342579F9D70029054A /* day04.swift in Sources */ = {isa = PBXBuildFile; fileRef = 4A456F332579F9D70029054A /* day04.swift */; };
		4A456F352579F9D70029054A /* day04.swift in Sources */ = {isa = PBXBuildFile; fileRef = 4A456F332579F9D70029054A /* day04.swift */; };
		4A456F392579FB470029054A /* day04_test.swift in Sources */ = {isa = PBXBuildFile; fileRef = 4A456F382579FB470029054A /* day04_test.swift */; };
		4A4C8C51257B4AC400229A8A /* day05.swift in Sources */ = {isa = PBXBuildFile; fileRef = 4A4C8C50257B4AC400229A8A /* day05.swift */; };
		4A4C8C52257B4AC400229A8A /* day05.swift in Sources */ = {isa = PBXBuildFile; fileRef = 4A4C8C50257B4AC400229A8A /* day05.swift */; };
		4A4C8C54257B4AE400229A8A /* day05_tests.swift in Sources */ = {isa = PBXBuildFile; fileRef = 4A4C8C53257B4AE400229A8A /* day05_tests.swift */; };
		4A4C8C56257C9DE200229A8A /* day06.swift in Sources */ = {isa = PBXBuildFile; fileRef = 4A4C8C55257C9DE200229A8A /* day06.swift */; };
		4A4C8C57257C9DE200229A8A /* day06.swift in Sources */ = {isa = PBXBuildFile; fileRef = 4A4C8C55257C9DE200229A8A /* day06.swift */; };
		4A4C8C59257C9DF500229A8A /* day06_tests.swift in Sources */ = {isa = PBXBuildFile; fileRef = 4A4C8C58257C9DF500229A8A /* day06_tests.swift */; };
		4A4C8C5A257C9DF500229A8A /* day06_tests.swift in Sources */ = {isa = PBXBuildFile; fileRef = 4A4C8C58257C9DF500229A8A /* day06_tests.swift */; };
		4A51469C258091EC00F91171 /* day09.swift in Sources */ = {isa = PBXBuildFile; fileRef = 4A51469B258091EC00F91171 /* day09.swift */; };
		4A51469D258091EC00F91171 /* day09.swift in Sources */ = {isa = PBXBuildFile; fileRef = 4A51469B258091EC00F91171 /* day09.swift */; };
		4A5146A12580920300F91171 /* day09_tests.swift in Sources */ = {isa = PBXBuildFile; fileRef = 4A5146A02580920300F91171 /* day09_tests.swift */; };
		4A87B3B1257F3F41001342B3 /* day08.swift in Sources */ = {isa = PBXBuildFile; fileRef = 4A87B3B0257F3F41001342B3 /* day08.swift */; };
		4A87B3B2257F3F41001342B3 /* day08.swift in Sources */ = {isa = PBXBuildFile; fileRef = 4A87B3B0257F3F41001342B3 /* day08.swift */; };
		4A87B3B6257F3F57001342B3 /* day08_tests.swift in Sources */ = {isa = PBXBuildFile; fileRef = 4A87B3B5257F3F57001342B3 /* day08_tests.swift */; };
		4A87E3612581E46A00153C89 /* day10.swift in Sources */ = {isa = PBXBuildFile; fileRef = 4A87E3602581E46A00153C89 /* day10.swift */; };
		4A87E3622581E46A00153C89 /* day10.swift in Sources */ = {isa = PBXBuildFile; fileRef = 4A87E3602581E46A00153C89 /* day10.swift */; };
		4A87E3662581E47D00153C89 /* day10_tests.swift in Sources */ = {isa = PBXBuildFile; fileRef = 4A87E3652581E47D00153C89 /* day10_tests.swift */; };
		4A87E43C258333FC00153C89 /* day11.swift in Sources */ = {isa = PBXBuildFile; fileRef = 4A87E43B258333FC00153C89 /* day11.swift */; };
		4A87E43F2583340100153C89 /* day11.swift in Sources */ = {isa = PBXBuildFile; fileRef = 4A87E43B258333FC00153C89 /* day11.swift */; };
		4A87E4432583340F00153C89 /* day11_tests.swift in Sources */ = {isa = PBXBuildFile; fileRef = 4A87E4422583340F00153C89 /* day11_tests.swift */; };
		4A87E4E7258481C100153C89 /* day12.swift in Sources */ = {isa = PBXBuildFile; fileRef = 4A87E4E6258481C000153C89 /* day12.swift */; };
		4A87E4E8258481C100153C89 /* day12.swift in Sources */ = {isa = PBXBuildFile; fileRef = 4A87E4E6258481C000153C89 /* day12.swift */; };
		4A87E4EC258481D300153C89 /* day12_tests.swift in Sources */ = {isa = PBXBuildFile; fileRef = 4A87E4EB258481D300153C89 /* day12_tests.swift */; };
		4A87E4F02585D92D00153C89 /* day13.swift in Sources */ = {isa = PBXBuildFile; fileRef = 4A87E4EF2585D92D00153C89 /* day13.swift */; };
		4A87E4F12585D92D00153C89 /* day13.swift in Sources */ = {isa = PBXBuildFile; fileRef = 4A87E4EF2585D92D00153C89 /* day13.swift */; };
		4A87E4F52585D9B500153C89 /* day13_tests.swift in Sources */ = {isa = PBXBuildFile; fileRef = 4A87E4F42585D9B500153C89 /* day13_tests.swift */; };
		4A87E4F92587280600153C89 /* day14.swift in Sources */ = {isa = PBXBuildFile; fileRef = 4A87E4F82587280600153C89 /* day14.swift */; };
		4A87E4FA2587280600153C89 /* day14.swift in Sources */ = {isa = PBXBuildFile; fileRef = 4A87E4F82587280600153C89 /* day14.swift */; };
		4A87E4FE2587281900153C89 /* day14_tests.swift in Sources */ = {isa = PBXBuildFile; fileRef = 4A87E4FD2587281900153C89 /* day14_tests.swift */; };
		4A8F9AEF257DED8500A5941D /* day07.swift in Sources */ = {isa = PBXBuildFile; fileRef = 4A8F9AEE257DED8500A5941D /* day07.swift */; };
		4A8F9AF0257DED8500A5941D /* day07.swift in Sources */ = {isa = PBXBuildFile; fileRef = 4A8F9AEE257DED8500A5941D /* day07.swift */; };
		4A8F9AF2257DED9D00A5941D /* day07_tests.swift in Sources */ = {isa = PBXBuildFile; fileRef = 4A8F9AF1257DED9D00A5941D /* day07_tests.swift */; };
		4AEA409425787A9B0065612C /* day02.swift in Sources */ = {isa = PBXBuildFile; fileRef = 4AEA409325787A9B0065612C /* day02.swift */; };
		4AEA409625787AE80065612C /* day02_tests.swift in Sources */ = {isa = PBXBuildFile; fileRef = 4AEA409525787AE80065612C /* day02_tests.swift */; };
		4AEA409725787B970065612C /* day02.swift in Sources */ = {isa = PBXBuildFile; fileRef = 4AEA409325787A9B0065612C /* day02.swift */; };
		4AEA40992578AAB10065612C /* day03.swift in Sources */ = {isa = PBXBuildFile; fileRef = 4AEA40982578AAB10065612C /* day03.swift */; };
		4AEA409A2578AAB60065612C /* day03.swift in Sources */ = {isa = PBXBuildFile; fileRef = 4AEA40982578AAB10065612C /* day03.swift */; };
		4AEA409C2578AAC30065612C /* day03_test.swift in Sources */ = {isa = PBXBuildFile; fileRef = 4AEA409B2578AAC30065612C /* day03_test.swift */; };
/* End PBXBuildFile section */

/* Begin PBXCopyFilesBuildPhase section */
		4A4262D42576788900785CB7 /* CopyFiles */ = {
			isa = PBXCopyFilesBuildPhase;
			buildActionMask = 2147483647;
			dstPath = /usr/share/man/man1/;
			dstSubfolderSpec = 0;
			files = (
			);
			runOnlyForDeploymentPostprocessing = 1;
		};
/* End PBXCopyFilesBuildPhase section */

/* Begin PBXFileReference section */
		4A23D02025887D0B00321F28 /* day15.swift */ = {isa = PBXFileReference; lastKnownFileType = sourcecode.swift; path = day15.swift; sourceTree = "<group>"; };
		4A23D02525887DF700321F28 /* day15_tests.swift */ = {isa = PBXFileReference; lastKnownFileType = sourcecode.swift; path = day15_tests.swift; sourceTree = "<group>"; };
		4A3D0E6B2589CE640026316F /* day16.swift */ = {isa = PBXFileReference; lastKnownFileType = sourcecode.swift; path = day16.swift; sourceTree = "<group>"; };
		4A3D0E702589CEE00026316F /* day16_tests.swift */ = {isa = PBXFileReference; lastKnownFileType = sourcecode.swift; path = day16_tests.swift; sourceTree = "<group>"; };
		4A4262D62576788900785CB7 /* Advent Of Code 2020 */ = {isa = PBXFileReference; explicitFileType = "compiled.mach-o.executable"; includeInIndex = 0; path = "Advent Of Code 2020"; sourceTree = BUILT_PRODUCTS_DIR; };
		4A4262D92576788900785CB7 /* main.swift */ = {isa = PBXFileReference; lastKnownFileType = sourcecode.swift; path = main.swift; sourceTree = "<group>"; };
		4A4262EF25767A4700785CB7 /* day01.swift */ = {isa = PBXFileReference; lastKnownFileType = sourcecode.swift; path = day01.swift; sourceTree = "<group>"; };
		4A4262F625767ABE00785CB7 /* Unit Tests.xctest */ = {isa = PBXFileReference; explicitFileType = wrapper.cfbundle; includeInIndex = 0; path = "Unit Tests.xctest"; sourceTree = BUILT_PRODUCTS_DIR; };
		4A4262F825767ABE00785CB7 /* day01_tests.swift */ = {isa = PBXFileReference; lastKnownFileType = sourcecode.swift; path = day01_tests.swift; sourceTree = "<group>"; };
		4A4262FA25767ABE00785CB7 /* Info.plist */ = {isa = PBXFileReference; lastKnownFileType = text.plist.xml; path = Info.plist; sourceTree = "<group>"; };
		4A4263052576877D00785CB7 /* README.md */ = {isa = PBXFileReference; lastKnownFileType = net.daringfireball.markdown; path = README.md; sourceTree = "<group>"; };
		4A456F332579F9D70029054A /* day04.swift */ = {isa = PBXFileReference; lastKnownFileType = sourcecode.swift; path = day04.swift; sourceTree = "<group>"; };
		4A456F382579FB470029054A /* day04_test.swift */ = {isa = PBXFileReference; lastKnownFileType = sourcecode.swift; path = day04_test.swift; sourceTree = "<group>"; };
		4A4C8C50257B4AC400229A8A /* day05.swift */ = {isa = PBXFileReference; lastKnownFileType = sourcecode.swift; path = day05.swift; sourceTree = "<group>"; };
		4A4C8C53257B4AE400229A8A /* day05_tests.swift */ = {isa = PBXFileReference; lastKnownFileType = sourcecode.swift; path = day05_tests.swift; sourceTree = "<group>"; };
		4A4C8C55257C9DE200229A8A /* day06.swift */ = {isa = PBXFileReference; lastKnownFileType = sourcecode.swift; path = day06.swift; sourceTree = "<group>"; };
		4A4C8C58257C9DF500229A8A /* day06_tests.swift */ = {isa = PBXFileReference; lastKnownFileType = sourcecode.swift; path = day06_tests.swift; sourceTree = "<group>"; };
		4A51469B258091EC00F91171 /* day09.swift */ = {isa = PBXFileReference; lastKnownFileType = sourcecode.swift; path = day09.swift; sourceTree = "<group>"; };
		4A5146A02580920300F91171 /* day09_tests.swift */ = {isa = PBXFileReference; lastKnownFileType = sourcecode.swift; path = day09_tests.swift; sourceTree = "<group>"; };
		4A87B3B0257F3F41001342B3 /* day08.swift */ = {isa = PBXFileReference; lastKnownFileType = sourcecode.swift; path = day08.swift; sourceTree = "<group>"; };
		4A87B3B5257F3F57001342B3 /* day08_tests.swift */ = {isa = PBXFileReference; lastKnownFileType = sourcecode.swift; path = day08_tests.swift; sourceTree = "<group>"; };
		4A87E3602581E46A00153C89 /* day10.swift */ = {isa = PBXFileReference; lastKnownFileType = sourcecode.swift; path = day10.swift; sourceTree = "<group>"; };
		4A87E3652581E47D00153C89 /* day10_tests.swift */ = {isa = PBXFileReference; lastKnownFileType = sourcecode.swift; path = day10_tests.swift; sourceTree = "<group>"; };
		4A87E43B258333FC00153C89 /* day11.swift */ = {isa = PBXFileReference; lastKnownFileType = sourcecode.swift; path = day11.swift; sourceTree = "<group>"; };
		4A87E4422583340F00153C89 /* day11_tests.swift */ = {isa = PBXFileReference; lastKnownFileType = sourcecode.swift; path = day11_tests.swift; sourceTree = "<group>"; };
		4A87E4E6258481C000153C89 /* day12.swift */ = {isa = PBXFileReference; lastKnownFileType = sourcecode.swift; path = day12.swift; sourceTree = "<group>"; };
		4A87E4EB258481D300153C89 /* day12_tests.swift */ = {isa = PBXFileReference; lastKnownFileType = sourcecode.swift; path = day12_tests.swift; sourceTree = "<group>"; };
		4A87E4EF2585D92D00153C89 /* day13.swift */ = {isa = PBXFileReference; lastKnownFileType = sourcecode.swift; path = day13.swift; sourceTree = "<group>"; };
		4A87E4F42585D9B500153C89 /* day13_tests.swift */ = {isa = PBXFileReference; lastKnownFileType = sourcecode.swift; path = day13_tests.swift; sourceTree = "<group>"; };
		4A87E4F82587280600153C89 /* day14.swift */ = {isa = PBXFileReference; lastKnownFileType = sourcecode.swift; path = day14.swift; sourceTree = "<group>"; };
		4A87E4FD2587281900153C89 /* day14_tests.swift */ = {isa = PBXFileReference; lastKnownFileType = sourcecode.swift; path = day14_tests.swift; sourceTree = "<group>"; };
		4A8F9AEE257DED8500A5941D /* day07.swift */ = {isa = PBXFileReference; lastKnownFileType = sourcecode.swift; path = day07.swift; sourceTree = "<group>"; };
		4A8F9AF1257DED9D00A5941D /* day07_tests.swift */ = {isa = PBXFileReference; lastKnownFileType = sourcecode.swift; path = day07_tests.swift; sourceTree = "<group>"; };
		4AEA409325787A9B0065612C /* day02.swift */ = {isa = PBXFileReference; lastKnownFileType = sourcecode.swift; path = day02.swift; sourceTree = "<group>"; };
		4AEA409525787AE80065612C /* day02_tests.swift */ = {isa = PBXFileReference; lastKnownFileType = sourcecode.swift; path = day02_tests.swift; sourceTree = "<group>"; };
		4AEA40982578AAB10065612C /* day03.swift */ = {isa = PBXFileReference; lastKnownFileType = sourcecode.swift; path = day03.swift; sourceTree = "<group>"; };
		4AEA409B2578AAC30065612C /* day03_test.swift */ = {isa = PBXFileReference; lastKnownFileType = sourcecode.swift; path = day03_test.swift; sourceTree = "<group>"; };
/* End PBXFileReference section */

/* Begin PBXFrameworksBuildPhase section */
		4A4262D32576788900785CB7 /* Frameworks */ = {
			isa = PBXFrameworksBuildPhase;
			buildActionMask = 2147483647;
			files = (
			);
			runOnlyForDeploymentPostprocessing = 0;
		};
		4A4262F325767ABE00785CB7 /* Frameworks */ = {
			isa = PBXFrameworksBuildPhase;
			buildActionMask = 2147483647;
			files = (
			);
			runOnlyForDeploymentPostprocessing = 0;
		};
/* End PBXFrameworksBuildPhase section */

/* Begin PBXGroup section */
		4A4262CD2576788900785CB7 = {
			isa = PBXGroup;
			children = (
				4A4263052576877D00785CB7 /* README.md */,
				4A4262D82576788900785CB7 /* Advent Of Code 2020 */,
				4A4262F725767ABE00785CB7 /* Unit Tests */,
				4A4262D72576788900785CB7 /* Products */,
			);
			sourceTree = "<group>";
		};
		4A4262D72576788900785CB7 /* Products */ = {
			isa = PBXGroup;
			children = (
				4A4262D62576788900785CB7 /* Advent Of Code 2020 */,
				4A4262F625767ABE00785CB7 /* Unit Tests.xctest */,
			);
			name = Products;
			sourceTree = "<group>";
		};
		4A4262D82576788900785CB7 /* Advent Of Code 2020 */ = {
			isa = PBXGroup;
			children = (
				4A4262D92576788900785CB7 /* main.swift */,
				4A4262EF25767A4700785CB7 /* day01.swift */,
				4AEA409325787A9B0065612C /* day02.swift */,
				4AEA40982578AAB10065612C /* day03.swift */,
				4A456F332579F9D70029054A /* day04.swift */,
				4A4C8C50257B4AC400229A8A /* day05.swift */,
				4A4C8C55257C9DE200229A8A /* day06.swift */,
				4A8F9AEE257DED8500A5941D /* day07.swift */,
				4A87B3B0257F3F41001342B3 /* day08.swift */,
				4A51469B258091EC00F91171 /* day09.swift */,
				4A87E3602581E46A00153C89 /* day10.swift */,
				4A87E43B258333FC00153C89 /* day11.swift */,
				4A87E4E6258481C000153C89 /* day12.swift */,
				4A87E4EF2585D92D00153C89 /* day13.swift */,
				4A87E4F82587280600153C89 /* day14.swift */,
				4A23D02025887D0B00321F28 /* day15.swift */,
				4A3D0E6B2589CE640026316F /* day16.swift */,
			);
			path = "Advent Of Code 2020";
			sourceTree = "<group>";
		};
		4A4262F725767ABE00785CB7 /* Unit Tests */ = {
			isa = PBXGroup;
			children = (
				4A4262F825767ABE00785CB7 /* day01_tests.swift */,
				4AEA409525787AE80065612C /* day02_tests.swift */,
				4AEA409B2578AAC30065612C /* day03_test.swift */,
				4A456F382579FB470029054A /* day04_test.swift */,
				4A4C8C53257B4AE400229A8A /* day05_tests.swift */,
				4A4C8C58257C9DF500229A8A /* day06_tests.swift */,
				4A8F9AF1257DED9D00A5941D /* day07_tests.swift */,
				4A87B3B5257F3F57001342B3 /* day08_tests.swift */,
				4A5146A02580920300F91171 /* day09_tests.swift */,
				4A87E3652581E47D00153C89 /* day10_tests.swift */,
				4A87E4422583340F00153C89 /* day11_tests.swift */,
				4A87E4EB258481D300153C89 /* day12_tests.swift */,
				4A87E4F42585D9B500153C89 /* day13_tests.swift */,
				4A87E4FD2587281900153C89 /* day14_tests.swift */,
				4A23D02525887DF700321F28 /* day15_tests.swift */,
				4A3D0E702589CEE00026316F /* day16_tests.swift */,
				4A4262FA25767ABE00785CB7 /* Info.plist */,
			);
			path = "Unit Tests";
			sourceTree = "<group>";
		};
/* End PBXGroup section */

/* Begin PBXNativeTarget section */
		4A4262D52576788900785CB7 /* Advent Of Code 2020 */ = {
			isa = PBXNativeTarget;
			buildConfigurationList = 4A4262DD2576788900785CB7 /* Build configuration list for PBXNativeTarget "Advent Of Code 2020" */;
			buildPhases = (
				4A4262D22576788900785CB7 /* Sources */,
				4A4262D32576788900785CB7 /* Frameworks */,
				4A4262D42576788900785CB7 /* CopyFiles */,
			);
			buildRules = (
			);
			dependencies = (
			);
			name = "Advent Of Code 2020";
			productName = "Advent Of Code 2020";
			productReference = 4A4262D62576788900785CB7 /* Advent Of Code 2020 */;
			productType = "com.apple.product-type.tool";
		};
		4A4262F525767ABE00785CB7 /* Unit Tests */ = {
			isa = PBXNativeTarget;
			buildConfigurationList = 4A4262FB25767ABE00785CB7 /* Build configuration list for PBXNativeTarget "Unit Tests" */;
			buildPhases = (
				4A4262F225767ABE00785CB7 /* Sources */,
				4A4262F325767ABE00785CB7 /* Frameworks */,
				4A4262F425767ABE00785CB7 /* Resources */,
			);
			buildRules = (
			);
			dependencies = (
			);
			name = "Unit Tests";
			productName = "Unit Tests";
			productReference = 4A4262F625767ABE00785CB7 /* Unit Tests.xctest */;
			productType = "com.apple.product-type.bundle.unit-test";
		};
/* End PBXNativeTarget section */

/* Begin PBXProject section */
		4A4262CE2576788900785CB7 /* Project object */ = {
			isa = PBXProject;
			attributes = {
				LastSwiftUpdateCheck = 1220;
				LastUpgradeCheck = 1220;
				TargetAttributes = {
					4A4262D52576788900785CB7 = {
						CreatedOnToolsVersion = 12.2;
					};
					4A4262F525767ABE00785CB7 = {
						CreatedOnToolsVersion = 12.2;
					};
				};
			};
			buildConfigurationList = 4A4262D12576788900785CB7 /* Build configuration list for PBXProject "Advent Of Code 2020" */;
			compatibilityVersion = "Xcode 9.3";
			developmentRegion = en;
			hasScannedForEncodings = 0;
			knownRegions = (
				en,
				Base,
			);
			mainGroup = 4A4262CD2576788900785CB7;
			productRefGroup = 4A4262D72576788900785CB7 /* Products */;
			projectDirPath = "";
			projectRoot = "";
			targets = (
				4A4262D52576788900785CB7 /* Advent Of Code 2020 */,
				4A4262F525767ABE00785CB7 /* Unit Tests */,
			);
		};
/* End PBXProject section */

/* Begin PBXResourcesBuildPhase section */
		4A4262F425767ABE00785CB7 /* Resources */ = {
			isa = PBXResourcesBuildPhase;
			buildActionMask = 2147483647;
			files = (
			);
			runOnlyForDeploymentPostprocessing = 0;
		};
/* End PBXResourcesBuildPhase section */

/* Begin PBXSourcesBuildPhase section */
		4A4262D22576788900785CB7 /* Sources */ = {
			isa = PBXSourcesBuildPhase;
			buildActionMask = 2147483647;
			files = (
				4A4262DA2576788900785CB7 /* main.swift in Sources */,
				4A4262F025767A4700785CB7 /* day01.swift in Sources */,
				4A87E4F02585D92D00153C89 /* day13.swift in Sources */,
				4A87B3B1257F3F41001342B3 /* day08.swift in Sources */,
				4A4C8C59257C9DF500229A8A /* day06_tests.swift in Sources */,
				4AEA409425787A9B0065612C /* day02.swift in Sources */,
				4A87E3612581E46A00153C89 /* day10.swift in Sources */,
				4A23D02125887D0B00321F28 /* day15.swift in Sources */,
				4A4C8C56257C9DE200229A8A /* day06.swift in Sources */,
				4A87E4E7258481C100153C89 /* day12.swift in Sources */,
				4A87E4F92587280600153C89 /* day14.swift in Sources */,
				4A3D0E6C2589CE640026316F /* day16.swift in Sources */,
				4A456F342579F9D70029054A /* day04.swift in Sources */,
				4AEA40992578AAB10065612C /* day03.swift in Sources */,
				4A4C8C51257B4AC400229A8A /* day05.swift in Sources */,
				4A8F9AEF257DED8500A5941D /* day07.swift in Sources */,
				4A51469C258091EC00F91171 /* day09.swift in Sources */,
				4A87E43C258333FC00153C89 /* day11.swift in Sources */,
			);
			runOnlyForDeploymentPostprocessing = 0;
		};
		4A4262F225767ABE00785CB7 /* Sources */ = {
			isa = PBXSourcesBuildPhase;
			buildActionMask = 2147483647;
			files = (
				4A87E4432583340F00153C89 /* day11_tests.swift in Sources */,
				4A456F352579F9D70029054A /* day04.swift in Sources */,
				4A5146A12580920300F91171 /* day09_tests.swift in Sources */,
				4A3D0E712589CEE00026316F /* day16_tests.swift in Sources */,
				4A23D02225887D0B00321F28 /* day15.swift in Sources */,
				4A87E43F2583340100153C89 /* day11.swift in Sources */,
				4A8F9AF2257DED9D00A5941D /* day07_tests.swift in Sources */,
				4A87B3B2257F3F41001342B3 /* day08.swift in Sources */,
				4A4262F925767ABE00785CB7 /* day01_tests.swift in Sources */,
				4A23D02625887DF700321F28 /* day15_tests.swift in Sources */,
				4A87E4EC258481D300153C89 /* day12_tests.swift in Sources */,
				4A87E4F52585D9B500153C89 /* day13_tests.swift in Sources */,
				4A87E3622581E46A00153C89 /* day10.swift in Sources */,
				4A87B3B6257F3F57001342B3 /* day08_tests.swift in Sources */,
				4AEA409C2578AAC30065612C /* day03_test.swift in Sources */,
				4A42630025767D2000785CB7 /* day01.swift in Sources */,
				4A51469D258091EC00F91171 /* day09.swift in Sources */,
				4A456F392579FB470029054A /* day04_test.swift in Sources */,
				4A4C8C52257B4AC400229A8A /* day05.swift in Sources */,
				4A4C8C5A257C9DF500229A8A /* day06_tests.swift in Sources */,
				4A87E4FA2587280600153C89 /* day14.swift in Sources */,
				4AEA409A2578AAB60065612C /* day03.swift in Sources */,
				4A4C8C57257C9DE200229A8A /* day06.swift in Sources */,
				4A4C8C54257B4AE400229A8A /* day05_tests.swift in Sources */,
				4A87E4FE2587281900153C89 /* day14_tests.swift in Sources */,
				4AEA409725787B970065612C /* day02.swift in Sources */,
				4A87E3662581E47D00153C89 /* day10_tests.swift in Sources */,
				4A3D0E6D2589CE640026316F /* day16.swift in Sources */,
				4AEA409625787AE80065612C /* day02_tests.swift in Sources */,
				4A87E4F12585D92D00153C89 /* day13.swift in Sources */,
				4A8F9AF0257DED8500A5941D /* day07.swift in Sources */,
				4A87E4E8258481C100153C89 /* day12.swift in Sources */,
			);
			runOnlyForDeploymentPostprocessing = 0;
		};
/* End PBXSourcesBuildPhase section */

/* Begin XCBuildConfiguration section */
		4A4262DB2576788900785CB7 /* Debug */ = {
			isa = XCBuildConfiguration;
			buildSettings = {
				ALWAYS_SEARCH_USER_PATHS = NO;
				CLANG_ANALYZER_NONNULL = YES;
				CLANG_ANALYZER_NUMBER_OBJECT_CONVERSION = YES_AGGRESSIVE;
				CLANG_CXX_LANGUAGE_STANDARD = "gnu++14";
				CLANG_CXX_LIBRARY = "libc++";
				CLANG_ENABLE_MODULES = YES;
				CLANG_ENABLE_OBJC_ARC = YES;
				CLANG_ENABLE_OBJC_WEAK = YES;
				CLANG_WARN_BLOCK_CAPTURE_AUTORELEASING = YES;
				CLANG_WARN_BOOL_CONVERSION = YES;
				CLANG_WARN_COMMA = YES;
				CLANG_WARN_CONSTANT_CONVERSION = YES;
				CLANG_WARN_DEPRECATED_OBJC_IMPLEMENTATIONS = YES;
				CLANG_WARN_DIRECT_OBJC_ISA_USAGE = YES_ERROR;
				CLANG_WARN_DOCUMENTATION_COMMENTS = YES;
				CLANG_WARN_EMPTY_BODY = YES;
				CLANG_WARN_ENUM_CONVERSION = YES;
				CLANG_WARN_INFINITE_RECURSION = YES;
				CLANG_WARN_INT_CONVERSION = YES;
				CLANG_WARN_NON_LITERAL_NULL_CONVERSION = YES;
				CLANG_WARN_OBJC_IMPLICIT_RETAIN_SELF = YES;
				CLANG_WARN_OBJC_LITERAL_CONVERSION = YES;
				CLANG_WARN_OBJC_ROOT_CLASS = YES_ERROR;
				CLANG_WARN_QUOTED_INCLUDE_IN_FRAMEWORK_HEADER = YES;
				CLANG_WARN_RANGE_LOOP_ANALYSIS = YES;
				CLANG_WARN_STRICT_PROTOTYPES = YES;
				CLANG_WARN_SUSPICIOUS_MOVE = YES;
				CLANG_WARN_UNGUARDED_AVAILABILITY = YES_AGGRESSIVE;
				CLANG_WARN_UNREACHABLE_CODE = YES;
				CLANG_WARN__DUPLICATE_METHOD_MATCH = YES;
				COPY_PHASE_STRIP = NO;
				DEBUG_INFORMATION_FORMAT = dwarf;
				ENABLE_STRICT_OBJC_MSGSEND = YES;
				ENABLE_TESTABILITY = YES;
				GCC_C_LANGUAGE_STANDARD = gnu11;
				GCC_DYNAMIC_NO_PIC = NO;
				GCC_NO_COMMON_BLOCKS = YES;
				GCC_OPTIMIZATION_LEVEL = 0;
				GCC_PREPROCESSOR_DEFINITIONS = (
					"DEBUG=1",
					"$(inherited)",
				);
				GCC_WARN_64_TO_32_BIT_CONVERSION = YES;
				GCC_WARN_ABOUT_RETURN_TYPE = YES_ERROR;
				GCC_WARN_UNDECLARED_SELECTOR = YES;
				GCC_WARN_UNINITIALIZED_AUTOS = YES_AGGRESSIVE;
				GCC_WARN_UNUSED_FUNCTION = YES;
				GCC_WARN_UNUSED_VARIABLE = YES;
				MACOSX_DEPLOYMENT_TARGET = 10.15;
				MTL_ENABLE_DEBUG_INFO = INCLUDE_SOURCE;
				MTL_FAST_MATH = YES;
				ONLY_ACTIVE_ARCH = YES;
				SDKROOT = macosx;
				SWIFT_ACTIVE_COMPILATION_CONDITIONS = DEBUG;
				SWIFT_OPTIMIZATION_LEVEL = "-Onone";
			};
			name = Debug;
		};
		4A4262DC2576788900785CB7 /* Release */ = {
			isa = XCBuildConfiguration;
			buildSettings = {
				ALWAYS_SEARCH_USER_PATHS = NO;
				CLANG_ANALYZER_NONNULL = YES;
				CLANG_ANALYZER_NUMBER_OBJECT_CONVERSION = YES_AGGRESSIVE;
				CLANG_CXX_LANGUAGE_STANDARD = "gnu++14";
				CLANG_CXX_LIBRARY = "libc++";
				CLANG_ENABLE_MODULES = YES;
				CLANG_ENABLE_OBJC_ARC = YES;
				CLANG_ENABLE_OBJC_WEAK = YES;
				CLANG_WARN_BLOCK_CAPTURE_AUTORELEASING = YES;
				CLANG_WARN_BOOL_CONVERSION = YES;
				CLANG_WARN_COMMA = YES;
				CLANG_WARN_CONSTANT_CONVERSION = YES;
				CLANG_WARN_DEPRECATED_OBJC_IMPLEMENTATIONS = YES;
				CLANG_WARN_DIRECT_OBJC_ISA_USAGE = YES_ERROR;
				CLANG_WARN_DOCUMENTATION_COMMENTS = YES;
				CLANG_WARN_EMPTY_BODY = YES;
				CLANG_WARN_ENUM_CONVERSION = YES;
				CLANG_WARN_INFINITE_RECURSION = YES;
				CLANG_WARN_INT_CONVERSION = YES;
				CLANG_WARN_NON_LITERAL_NULL_CONVERSION = YES;
				CLANG_WARN_OBJC_IMPLICIT_RETAIN_SELF = YES;
				CLANG_WARN_OBJC_LITERAL_CONVERSION = YES;
				CLANG_WARN_OBJC_ROOT_CLASS = YES_ERROR;
				CLANG_WARN_QUOTED_INCLUDE_IN_FRAMEWORK_HEADER = YES;
				CLANG_WARN_RANGE_LOOP_ANALYSIS = YES;
				CLANG_WARN_STRICT_PROTOTYPES = YES;
				CLANG_WARN_SUSPICIOUS_MOVE = YES;
				CLANG_WARN_UNGUARDED_AVAILABILITY = YES_AGGRESSIVE;
				CLANG_WARN_UNREACHABLE_CODE = YES;
				CLANG_WARN__DUPLICATE_METHOD_MATCH = YES;
				COPY_PHASE_STRIP = NO;
				DEBUG_INFORMATION_FORMAT = "dwarf-with-dsym";
				ENABLE_NS_ASSERTIONS = NO;
				ENABLE_STRICT_OBJC_MSGSEND = YES;
				GCC_C_LANGUAGE_STANDARD = gnu11;
				GCC_NO_COMMON_BLOCKS = YES;
				GCC_WARN_64_TO_32_BIT_CONVERSION = YES;
				GCC_WARN_ABOUT_RETURN_TYPE = YES_ERROR;
				GCC_WARN_UNDECLARED_SELECTOR = YES;
				GCC_WARN_UNINITIALIZED_AUTOS = YES_AGGRESSIVE;
				GCC_WARN_UNUSED_FUNCTION = YES;
				GCC_WARN_UNUSED_VARIABLE = YES;
				MACOSX_DEPLOYMENT_TARGET = 10.15;
				MTL_ENABLE_DEBUG_INFO = NO;
				MTL_FAST_MATH = YES;
				SDKROOT = macosx;
				SWIFT_COMPILATION_MODE = wholemodule;
				SWIFT_OPTIMIZATION_LEVEL = "-O";
			};
			name = Release;
		};
		4A4262DE2576788900785CB7 /* Debug */ = {
			isa = XCBuildConfiguration;
			buildSettings = {
				CODE_SIGN_STYLE = Automatic;
				DEVELOPMENT_TEAM = XYS2L4H32X;
				ENABLE_HARDENED_RUNTIME = YES;
				MACOSX_DEPLOYMENT_TARGET = 10.15;
				PRODUCT_NAME = "$(TARGET_NAME)";
				SWIFT_VERSION = 5.0;
			};
			name = Debug;
		};
		4A4262DF2576788900785CB7 /* Release */ = {
			isa = XCBuildConfiguration;
			buildSettings = {
				CODE_SIGN_STYLE = Automatic;
				DEVELOPMENT_TEAM = XYS2L4H32X;
				ENABLE_HARDENED_RUNTIME = YES;
				MACOSX_DEPLOYMENT_TARGET = 10.15;
				PRODUCT_NAME = "$(TARGET_NAME)";
				SWIFT_VERSION = 5.0;
			};
			name = Release;
		};
		4A4262FC25767ABE00785CB7 /* Debug */ = {
			isa = XCBuildConfiguration;
			buildSettings = {
				CODE_SIGN_STYLE = Automatic;
				COMBINE_HIDPI_IMAGES = YES;
				DEVELOPMENT_TEAM = XYS2L4H32X;
				INFOPLIST_FILE = "Unit Tests/Info.plist";
				LD_RUNPATH_SEARCH_PATHS = (
					"$(inherited)",
					"@executable_path/../Frameworks",
					"@loader_path/../Frameworks",
				);
				PRODUCT_BUNDLE_IDENTIFIER = "com.lightspeedhq.Unit-Tests";
				PRODUCT_NAME = "$(TARGET_NAME)";
				SWIFT_VERSION = 5.0;
			};
			name = Debug;
		};
		4A4262FD25767ABE00785CB7 /* Release */ = {
			isa = XCBuildConfiguration;
			buildSettings = {
				CODE_SIGN_STYLE = Automatic;
				COMBINE_HIDPI_IMAGES = YES;
				DEVELOPMENT_TEAM = XYS2L4H32X;
				INFOPLIST_FILE = "Unit Tests/Info.plist";
				LD_RUNPATH_SEARCH_PATHS = (
					"$(inherited)",
					"@executable_path/../Frameworks",
					"@loader_path/../Frameworks",
				);
				PRODUCT_BUNDLE_IDENTIFIER = "com.lightspeedhq.Unit-Tests";
				PRODUCT_NAME = "$(TARGET_NAME)";
				SWIFT_VERSION = 5.0;
			};
			name = Release;
		};
/* End XCBuildConfiguration section */

/* Begin XCConfigurationList section */
		4A4262D12576788900785CB7 /* Build configuration list for PBXProject "Advent Of Code 2020" */ = {
			isa = XCConfigurationList;
			buildConfigurations = (
				4A4262DB2576788900785CB7 /* Debug */,
				4A4262DC2576788900785CB7 /* Release */,
			);
			defaultConfigurationIsVisible = 0;
			defaultConfigurationName = Release;
		};
		4A4262DD2576788900785CB7 /* Build configuration list for PBXNativeTarget "Advent Of Code 2020" */ = {
			isa = XCConfigurationList;
			buildConfigurations = (
				4A4262DE2576788900785CB7 /* Debug */,
				4A4262DF2576788900785CB7 /* Release */,
			);
			defaultConfigurationIsVisible = 0;
			defaultConfigurationName = Release;
		};
		4A4262FB25767ABE00785CB7 /* Build configuration list for PBXNativeTarget "Unit Tests" */ = {
			isa = XCConfigurationList;
			buildConfigurations = (
				4A4262FC25767ABE00785CB7 /* Debug */,
				4A4262FD25767ABE00785CB7 /* Release */,
			);
			defaultConfigurationIsVisible = 0;
			defaultConfigurationName = Release;
		};
/* End XCConfigurationList section */
	};
	rootObject = 4A4262CE2576788900785CB7 /* Project object */;
}
